<?xml version="1.0" encoding="utf-8"?>
<Project ToolsVersion="4.0" xmlns="http://schemas.microsoft.com/developer/msbuild/2003">
  <ItemGroup>
    <Filter Include="Header File">
      <UniqueIdentifier>{e013dc35-a375-4d09-9bbf-f5ba3bc2fc03}</UniqueIdentifier>
    </Filter>
    <Filter Include="Source File">
      <UniqueIdentifier>{d271f095-f6f8-4f7a-bc97-0ae1f00a7654}</UniqueIdentifier>
    </Filter>
  </ItemGroup>
  <ItemGroup>
    <ClInclude Include="Scripts\Engine.h">
      <Filter>Header File</Filter>
    </ClInclude>
    <ClInclude Include="Scripts\FrameWork.h">
      <Filter>Header File</Filter>
    </ClInclude>
    <ClInclude Include="Scripts\Input.h">
      <Filter>Header File</Filter>
    </ClInclude>
    <ClInclude Include="Scripts\Sprite.h">
      <Filter>Header File</Filter>
    </ClInclude>
    <ClInclude Include="Scripts\Texture.h">
      <Filter>Header File</Filter>
    </ClInclude>
    <ClInclude Include="Scripts\CoreTime.h">
      <Filter>Header File</Filter>
    </ClInclude>
    <ClInclude Include="Scripts\CoreUtil.h">
      <Filter>Header File</Filter>
    </ClInclude>
    <ClInclude Include="Scripts\ObjectPool.h">
      <Filter>Header File</Filter>
    </ClInclude>
    <ClInclude Include="Scripts\Singleton.h">
      <Filter>Header File</Filter>
    </ClInclude>
    <ClInclude Include="Scripts\stdafx_Core.h">
      <Filter>Header File</Filter>
    </ClInclude>
    <ClInclude Include="Scripts\Animator.h">
      <Filter>Header File</Filter>
    </ClInclude>
    <ClInclude Include="Scripts\Timer.h">
      <Filter>Header File</Filter>
    </ClInclude>
  </ItemGroup>
  <ItemGroup>
    <ClCompile Include="Scripts\Engine.cpp">
      <Filter>Source File</Filter>
    </ClCompile>
    <ClCompile Include="Scripts\Input.cpp">
      <Filter>Source File</Filter>
    </ClCompile>
    <ClCompile Include="Scripts\Sprite.cpp">
      <Filter>Source File</Filter>
    </ClCompile>
    <ClCompile Include="Scripts\Texture.cpp">
      <Filter>Source File</Filter>
    </ClCompile>
    <ClCompile Include="Scripts\CoreTime.cpp">
      <Filter>Source File</Filter>
    </ClCompile>
    <ClCompile Include="Scripts\stdafx_Core.cpp">
      <Filter>Source File</Filter>
    </ClCompile>
    <ClCompile Include="Scripts\FrameWork.cpp">
      <Filter>Source File</Filter>
    </ClCompile>
    <ClCompile Include="Scripts\Animator.cpp">
      <Filter>Source File</Filter>
    </ClCompile>
    <ClCompile Include="Scripts\Timer.cpp">
      <Filter>Source File</Filter>
    </ClCompile>
    <ClCompile Include="Scripts\ObjectPool.cpp">
      <Filter>Source File</Filter>
    </ClCompile>
    <ClCompile Include="Scripts\Singleton.cpp">
      <Filter>Source File</Filter>
    </ClCompile>
  </ItemGroup>
</Project>