<?xml version="1.0" encoding="utf-8"?>
<Project ToolsVersion="4.0" xmlns="http://schemas.microsoft.com/developer/msbuild/2003">
  <ItemGroup>
    <Filter Include="Source File">
      <UniqueIdentifier>{e4c25033-9ebf-457a-b188-e44bd43c3c33}</UniqueIdentifier>
    </Filter>
    <Filter Include="Header FIle">
      <UniqueIdentifier>{c0018833-97a0-4593-80f0-7a6726ea44ec}</UniqueIdentifier>
    </Filter>
    <Filter Include="Header FIle\Unit">
      <UniqueIdentifier>{abd2f481-bcb2-4734-a92b-a71144f2ddd3}</UniqueIdentifier>
    </Filter>
    <Filter Include="Header FIle\Unit\Zerg">
      <UniqueIdentifier>{4695b609-b45e-4c14-a860-649fccba04c1}</UniqueIdentifier>
    </Filter>
    <Filter Include="Header FIle\Unit\Protoss">
      <UniqueIdentifier>{43aba6b4-4d5a-4873-a938-f01a5aa5b6dd}</UniqueIdentifier>
    </Filter>
    <Filter Include="Header FIle\Unit\Terran">
      <UniqueIdentifier>{ee78600d-02de-40f9-a26d-3c4bae62d608}</UniqueIdentifier>
    </Filter>
    <Filter Include="Source File\Unit">
      <UniqueIdentifier>{cc54854f-4ac9-46b0-bbd4-17ea51b5876a}</UniqueIdentifier>
    </Filter>
    <Filter Include="Source File\Unit\Terran">
      <UniqueIdentifier>{1bfb3d10-e23a-4d2b-8159-82ef7fa387db}</UniqueIdentifier>
    </Filter>
    <Filter Include="Source File\Unit\Protoss">
      <UniqueIdentifier>{6ad909f8-b1ed-4382-8c5b-12619987ad26}</UniqueIdentifier>
    </Filter>
    <Filter Include="Source File\Unit\Zerg">
      <UniqueIdentifier>{a93bfb02-03ce-4f69-9775-c187a002253f}</UniqueIdentifier>
    </Filter>
  </ItemGroup>
  <ItemGroup>
    <ClCompile Include="Scripts\WinMain.cpp" />
    <ClCompile Include="Scripts\CMain.cpp">
      <Filter>Source File</Filter>
    </ClCompile>
    <ClCompile Include="Scripts\Unit.cpp">
      <Filter>Source File\Unit</Filter>
    </ClCompile>
    <ClCompile Include="Scripts\UnitInfo.cpp">
      <Filter>Source File\Unit</Filter>
    </ClCompile>
    <ClCompile Include="Scripts\UnitManager.cpp">
      <Filter>Source File\Unit</Filter>
    </ClCompile>
    <ClCompile Include="Scripts\Marine.cpp">
      <Filter>Source File\Unit\Terran</Filter>
    </ClCompile>
  </ItemGroup>
  <ItemGroup>
    <ClInclude Include="Scripts\CMain.h">
      <Filter>Header FIle</Filter>
    </ClInclude>
    <ClInclude Include="Scripts\Unit.h">
      <Filter>Header FIle\Unit</Filter>
    </ClInclude>
    <ClInclude Include="Scripts\UnitInfo.h">
      <Filter>Header FIle\Unit</Filter>
    </ClInclude>
    <ClInclude Include="Scripts\UnitManager.h">
      <Filter>Header FIle\Unit</Filter>
    </ClInclude>
    <ClInclude Include="Scripts\Marine.h">
      <Filter>Header FIle\Unit\Terran</Filter>
    </ClInclude>
  </ItemGroup>
</Project>