<?xml version="1.0" encoding="utf-8"?>
<Project ToolsVersion="4.0" xmlns="http://schemas.microsoft.com/developer/msbuild/2003">
  <ItemGroup>
    <Filter Include="소스 파일">
      <UniqueIdentifier>{4FC737F1-C7A5-4376-A066-2A32D752A2FF}</UniqueIdentifier>
      <Extensions>cpp;c;cc;cxx;c++;cppm;ixx;def;odl;idl;hpj;bat;asm;asmx</Extensions>
    </Filter>
    <Filter Include="헤더 파일">
      <UniqueIdentifier>{93995380-89BD-4b04-88EB-625FBE52EBFB}</UniqueIdentifier>
      <Extensions>h;hh;hpp;hxx;h++;hm;inl;inc;ipp;xsd</Extensions>
    </Filter>
    <Filter Include="리소스 파일">
      <UniqueIdentifier>{67DA6AB6-F800-4c08-8B7A-83BB121AAD01}</UniqueIdentifier>
      <Extensions>rc;ico;cur;bmp;dlg;rc2;rct;bin;rgs;gif;jpg;jpeg;jpe;resx;tiff;tif;png;wav;mfcribbon-ms</Extensions>
    </Filter>
  </ItemGroup>
  <ItemGroup>
    <ClCompile Include="zlib-1.2.12\adler32.c">
      <Filter>소스 파일</Filter>
    </ClCompile>
    <ClCompile Include="zlib-1.2.12\compress.c">
      <Filter>소스 파일</Filter>
    </ClCompile>
    <ClCompile Include="zlib-1.2.12\crc32.c">
      <Filter>소스 파일</Filter>
    </ClCompile>
    <ClCompile Include="zlib-1.2.12\deflate.c">
      <Filter>소스 파일</Filter>
    </ClCompile>
    <ClCompile Include="zlib-1.2.12\gzclose.c">
      <Filter>소스 파일</Filter>
    </ClCompile>
    <ClCompile Include="zlib-1.2.12\gzlib.c">
      <Filter>소스 파일</Filter>
    </ClCompile>
    <ClCompile Include="zlib-1.2.12\gzread.c">
      <Filter>소스 파일</Filter>
    </ClCompile>
    <ClCompile Include="zlib-1.2.12\gzwrite.c">
      <Filter>소스 파일</Filter>
    </ClCompile>
    <ClCompile Include="zlib-1.2.12\infback.c">
      <Filter>소스 파일</Filter>
    </ClCompile>
    <ClCompile Include="zlib-1.2.12\inffast.c">
      <Filter>소스 파일</Filter>
    </ClCompile>
    <ClCompile Include="zlib-1.2.12\inflate.c">
      <Filter>소스 파일</Filter>
    </ClCompile>
    <ClCompile Include="zlib-1.2.12\inftrees.c">
      <Filter>소스 파일</Filter>
    </ClCompile>
    <ClCompile Include="zlib-1.2.12\trees.c">
      <Filter>소스 파일</Filter>
    </ClCompile>
    <ClCompile Include="zlib-1.2.12\uncompr.c">
      <Filter>소스 파일</Filter>
    </ClCompile>
    <ClCompile Include="zlib-1.2.12\zutil.c">
      <Filter>소스 파일</Filter>
    </ClCompile>
  </ItemGroup>
  <ItemGroup>
    <ClInclude Include="zlib-1.2.12\crc32.h">
      <Filter>헤더 파일</Filter>
    </ClInclude>
    <ClInclude Include="zlib-1.2.12\deflate.h">
      <Filter>헤더 파일</Filter>
    </ClInclude>
    <ClInclude Include="zlib-1.2.12\gzguts.h">
      <Filter>헤더 파일</Filter>
    </ClInclude>
    <ClInclude Include="zlib-1.2.12\inffast.h">
      <Filter>헤더 파일</Filter>
    </ClInclude>
    <ClInclude Include="zlib-1.2.12\inffixed.h">
      <Filter>헤더 파일</Filter>
    </ClInclude>
    <ClInclude Include="zlib-1.2.12\inflate.h">
      <Filter>헤더 파일</Filter>
    </ClInclude>
    <ClInclude Include="zlib-1.2.12\inftrees.h">
      <Filter>헤더 파일</Filter>
    </ClInclude>
    <ClInclude Include="zlib-1.2.12\trees.h">
      <Filter>헤더 파일</Filter>
    </ClInclude>
    <ClInclude Include="zlib-1.2.12\zconf.h">
      <Filter>헤더 파일</Filter>
    </ClInclude>
    <ClInclude Include="zlib-1.2.12\zlib.h">
      <Filter>헤더 파일</Filter>
    </ClInclude>
    <ClInclude Include="zlib-1.2.12\zutil.h">
      <Filter>헤더 파일</Filter>
    </ClInclude>
  </ItemGroup>
</Project>